# THIS IS AN AUTOGENERATED FILE. DO NOT EDIT THIS FILE DIRECTLY.
# yarn lockfile v1


iso-639-1@^2.1.11:
  version "2.1.11"
  resolved "https://registry.yarnpkg.com/iso-639-1/-/iso-639-1-2.1.11.tgz#a928a7c71025321258bd46e03ae85e49ded5dbdc"
  integrity sha512-WDF2XWfw1GuPvjn3YEn1+gFGF+72ZltVcjNhaWwmgvveN+rTy3XzWYwgIp/Y8CSZYclNvJ4Vqeh5byubiXCzPw==
