# THIS IS AN AUTOGENERATED FILE. DO NOT EDIT THIS FILE DIRECTLY.
# yarn lockfile v1


"@webcomponents/webcomponentsjs@^2.6.0":
  version "2.6.0"
  resolved "https://registry.yarnpkg.com/@webcomponents/webcomponentsjs/-/webcomponentsjs-2.6.0.tgz#7d1674c40bddf0c6dd974c44ffd34512fe7274ff"
  integrity sha512-Moog+Smx3ORTbWwuPqoclr+uvfLnciVd6wdCaVscHPrxbmQ/IJKm3wbB7hpzJtXWjAq2l/6QMlO85aZiOdtv5Q==

iso-639-1@^2.1.11:
  version "2.1.11"
  resolved "https://registry.yarnpkg.com/iso-639-1/-/iso-639-1-2.1.11.tgz#a928a7c71025321258bd46e03ae85e49ded5dbdc"
  integrity sha512-WDF2XWfw1GuPvjn3YEn1+gFGF+72ZltVcjNhaWwmgvveN+rTy3XzWYwgIp/Y8CSZYclNvJ4Vqeh5byubiXCzPw==
